
Microsoft Visual Studio Solution File, Format Version 12.00
# Visual Studio Version 17
VisualStudioVersion = 17.11.35312.102
MinimumVisualStudioVersion = 10.0.40219.1
Project("{FAE04EC0-301F-11D3-BF4B-00C04F79EFBC}") = "DmitriiSFedotov.VendingMachine", "DmitriiSFedotov.VendingMachine\DmitriiSFedotov.VendingMachine.csproj", "{9E773E88-6D03-4174-BEA0-284182A8539E}"
EndProject
Global
	GlobalSection(SolutionConfigurationPlatforms) = preSolution
		Debug|Any CPU = Debug|Any CPU
		Release|Any CPU = Release|Any CPU
	EndGlobalSection
	GlobalSection(ProjectConfigurationPlatforms) = postSolution
		{9E773E88-6D03-4174-BEA0-284182A8539E}.Debug|Any CPU.ActiveCfg = Debug|Any CPU
		{9E773E88-6D03-4174-BEA0-284182A8539E}.Debug|Any CPU.Build.0 = Debug|Any CPU
		{9E773E88-6D03-4174-BEA0-284182A8539E}.Release|Any CPU.ActiveCfg = Release|Any CPU
		{9E773E88-6D03-4174-BEA0-284182A8539E}.Release|Any CPU.Build.0 = Release|Any CPU
	EndGlobalSection
	GlobalSection(SolutionProperties) = preSolution
		HideSolutionNode = FALSE
	EndGlobalSection
	GlobalSection(ExtensibilityGlobals) = postSolution
		SolutionGuid = {F79B8F9A-AF59-442F-B097-68FF13CF4C9C}
	EndGlobalSection
EndGlobal
